# This file is generated by running "yarn install" inside your project.
# Manual changes might be lost - proceed with caution!

__metadata:
  version: 6

"@af/pkg-a@*, @af/pkg-a@workspace:packages/pkg-a":
  version: 0.0.0-use.local
  resolution: "@af/pkg-a@workspace:packages/pkg-a"
  dependencies:
    "@af/pkg-foo": "*"
  languageName: unknown
  linkType: soft

"@af/pkg-c@*, @af/pkg-c@workspace:packages/pkg-c":
  version: 0.0.0-use.local
  resolution: "@af/pkg-c@workspace:packages/pkg-c"
  dependencies:
    "@af/pkg-foo": "*"
    "@af/pkg-p1": "*"
  languageName: unknown
  linkType: soft

"@af/pkg-e@*, @af/pkg-e@workspace:packages/pkg-e":
  version: 0.0.0-use.local
  resolution: "@af/pkg-e@workspace:packages/pkg-e"
  dependencies:
    "@af/pkg-foo": "*"
    "@af/pkg-p2": "*"
  languageName: unknown
  linkType: soft

"@af/pkg-foo@*, @af/pkg-foo@workspace:packages/pkg-foo":
  version: 0.0.0-use.local
  resolution: "@af/pkg-foo@workspace:packages/pkg-foo"
  dependencies:
    "@af/pkg-c": "*"
    "@af/pkg-e": "*"
  peerDependencies:
    "@af/pkg-p2": "*"
  languageName: unknown
  linkType: soft

"@af/pkg-p1@*, @af/pkg-p1@workspace:packages/pkg-p1":
  version: 0.0.0-use.local
  resolution: "@af/pkg-p1@workspace:packages/pkg-p1"
  languageName: unknown
  linkType: soft

"@af/pkg-p2@*, @af/pkg-p2@workspace:packages/pkg-p2":
  version: 0.0.0-use.local
  resolution: "@af/pkg-p2@workspace:packages/pkg-p2"
  languageName: unknown
  linkType: soft

"mini-repro@workspace:.":
  version: 0.0.0-use.local
  resolution: "mini-repro@workspace:."
  dependencies:
    "@af/pkg-a": "*"
  languageName: unknown
  linkType: soft
